
Microsoft Visual Studio Solution File, Format Version 12.00
# Visual Studio 15
VisualStudioVersion = 15.0.28010.2046
MinimumVisualStudioVersion = 10.0.40219.1
Project("{FAE04EC0-301F-11D3-BF4B-00C04F79EFBC}") = "SeleniumDay2tests", "SeleniumDay2tests\SeleniumDay2tests.csproj", "{8A53A032-B1F7-4EED-8B5C-9D7F18D88EF1}"
EndProject
Global
	GlobalSection(SolutionConfigurationPlatforms) = preSolution
		Debug|Any CPU = Debug|Any CPU
		Release|Any CPU = Release|Any CPU
	EndGlobalSection
	GlobalSection(ProjectConfigurationPlatforms) = postSolution
		{8A53A032-B1F7-4EED-8B5C-9D7F18D88EF1}.Debug|Any CPU.ActiveCfg = Debug|Any CPU
		{8A53A032-B1F7-4EED-8B5C-9D7F18D88EF1}.Debug|Any CPU.Build.0 = Debug|Any CPU
		{8A53A032-B1F7-4EED-8B5C-9D7F18D88EF1}.Release|Any CPU.ActiveCfg = Release|Any CPU
		{8A53A032-B1F7-4EED-8B5C-9D7F18D88EF1}.Release|Any CPU.Build.0 = Release|Any CPU
	EndGlobalSection
	GlobalSection(SolutionProperties) = preSolution
		HideSolutionNode = FALSE
	EndGlobalSection
	GlobalSection(ExtensibilityGlobals) = postSolution
		SolutionGuid = {3189AAE4-4CE0-4BC8-9F37-83A8C1625FBF}
	EndGlobalSection
EndGlobal
